schema: '2.0'
stages:
  download-satellite-data:
    cmd: papermill download_satellite_data.ipynb download_satellite_data.output.ipynb
      && rm download_satellite_data.output.ipynb
    deps:
    - path: download_satellite_data.ipynb
      hash: md5
      md5: 57b9ed6f3a8f68700ea9859cd8ae60a3
      size: 29416
    params:
      params.yaml:
        number_of_timesteps: 9
        paths.satellite: data/satellite
        search_dates: 2019-04-01T00:00:00.000Z/2019-09-01T00:00:00.000Z
        zueri_crop.bbox:
        - 8.364
        - 47.24
        - 9.0405
        - 47.69894
    outs:
    - path: data/satellite
      hash: md5
      md5: 83070c788fa6b61f16adc62d770d6804.dir
      size: 2128221201
      nfiles: 174
  rasterize:
    cmd: papermill rasterize_labels.ipynb rasterize_labels.output.ipynb && rm rasterize_labels.output.ipynb
    deps:
    - path: data/TG_2019_Nutzungsflaechen_2019.gpkg
      hash: md5
      md5: e3f957fdda235db7f7ebebd44afdb77b
      size: 52637696
    - path: data/ZH_2019_LW_NUTZUNGSFLAECHEN_F.dbf
      hash: md5
      md5: 44cb1a911f2da61101f5a8a3f375b955
      size: 69359582
    - path: data/ZH_2019_LW_NUTZUNGSFLAECHEN_F.prj
      hash: md5
      md5: 313304cd209164f8f1694217325cad38
      size: 472
    - path: data/ZH_2019_LW_NUTZUNGSFLAECHEN_F.shp
      hash: md5
      md5: 899948e63250e6a0606d27d4a8c5218d
      size: 74599628
    - path: data/ZH_2019_LW_NUTZUNGSFLAECHEN_F.shx
      hash: md5
      md5: a2b42dbb531394feb196ebf81e551e73
      size: 817284
    - path: data/georef-switzerland-kanton@public.geojson
      hash: md5
      md5: c6ca8fd5486358688668668f44727240
      size: 3134206
    - path: data/labels_hierarchy.csv
      hash: md5
      md5: 6c5626388f82bf7734048a9e35d39bcf
      size: 5970
    - path: data/labels_hierarchy_seasonality.csv
      hash: md5
      md5: fa7c9990b7ebff3f392446fcb7a836e1
      size: 11241
    - path: data/labels_hierarchy_seasonality_reduced.csv
      hash: md5
      md5: 6b7eec240d94523ee41d761e910a9481
      size: 8657
    - path: data/satellite
      hash: md5
      md5: 83070c788fa6b61f16adc62d770d6804.dir
      size: 2128221201
      nfiles: 174
    - path: rasterize_labels.ipynb
      hash: md5
      md5: 15aec22c5bdb373739e3382c6bb29d2d
      size: 5199951
    params:
      params.yaml:
        label_hierarchy_definition: zueri_crop
        max_cloud_cover: 5
        paths.dataset_info: data/dataset_info.json
        paths.field_ids: data/field_ids.tif
        paths.labels: data/labels.tif
        paths.labels_hierarchy: data/labels_hierarchy.tif
        paths.satellite: data/satellite
        zueri_crop.bbox:
        - 8.364
        - 47.24
        - 9.0405
        - 47.69894
    outs:
    - path: data/dataset_info.json
      hash: md5
      md5: 728e1e43820a6841bb4d9e80a523e1cf
      size: 2683
    - path: data/field_ids.tif
      hash: md5
      md5: 360d858e6014e5548e73d38e1fc89c72
      size: 104888680
    - path: data/labels.tif
      hash: md5
      md5: 61824693a4a6469f78c48bf7488e0620
      size: 26245480
    - path: data/labels_hierarchy.tif
      hash: md5
      md5: a8f045726f2082b7554ff4b7030d4c29
      size: 78674292
  prepare-dataset:
    cmd: papermill prepare_dataset.ipynb prepare_dataset.output.ipynb && rm prepare_dataset.output.ipynb
    deps:
    - path: data/field_ids.tif
      hash: md5
      md5: 360d858e6014e5548e73d38e1fc89c72
      size: 104888680
    - path: data/labels_hierarchy.tif
      hash: md5
      md5: a8f045726f2082b7554ff4b7030d4c29
      size: 78674292
    - path: data/satellite
      hash: md5
      md5: 83070c788fa6b61f16adc62d770d6804.dir
      size: 2128221201
      nfiles: 174
    - path: prepare_dataset.ipynb
      hash: md5
      md5: d96ed8ea8649b82584838d66af867800
      size: 5293429
    params:
      params.yaml:
        chip_size: 224
        distribution_transform_mode: None
        fold_split_mode: stratified
        number_of_folds: 6
        number_of_timesteps: 9
        paths.field_ids: data/field_ids.tif
        paths.labels: data/labels.tif
        paths.labels_hierarchy: data/labels_hierarchy.tif
        paths.satellite: data/satellite
    outs:
    - path: data/chips
      hash: md5
      md5: 2051f1d1d30482adaa565f09c2a85e0c.dir
      size: 2477774442
      nfiles: 1287
    - path: data/stacked_features.tif
      hash: md5
      md5: bd71c2aee59b5f7fb79e0615f65d85eb
      size: 2831196854
  calculate-dataset-stats:
    cmd: papermill calculate_dataset_stats.ipynb calculate_dataset_stats.output.ipynb
      && rm calculate_dataset_stats.output.ipynb
    deps:
    - path: calculate_dataset_stats.ipynb
      hash: md5
      md5: 18dacda57477bed094f9c708ff2db993
      size: 4765
    - path: data/chips
      hash: md5
      md5: 2051f1d1d30482adaa565f09c2a85e0c.dir
      size: 2477774442
      nfiles: 1287
    - path: data/labels_hierarchy.tif
      hash: md5
      md5: a8f045726f2082b7554ff4b7030d4c29
      size: 78674292
    params:
      params.yaml:
        number_of_bands: 6
        number_of_folds: 6
        number_of_timesteps: 9
        paths.chips: data/chips
        paths.labels_hierarchy: data/labels_hierarchy.tif
    outs:
    - path: data/chips_stats.yaml
      hash: md5
      md5: 81e78b954d5ab7838054ef7ebf8bf0de
      size: 1866
  download-prithvi-base-model:
    cmd: papermill download_prithvi_100M.ipynb download_prithvi_100M.output.ipynb
      && rm download_prithvi_100M.output.ipynb
    deps:
    - path: download_prithvi_100M.ipynb
      hash: md5
      md5: 40b7a4b862a6257861f0fe8d67541e61
      size: 1016
    outs:
    - path: prithvi/models/Prithvi_100M.pt
      hash: md5
      md5: 87d9bd8bea755cdc1412be17970fd285
      size: 453672901
