schema: '2.0'
stages:
  download-satellite-data:
    cmd: papermill download_satellite_data.ipynb download_satellite_data.output.ipynb
      && rm download_satellite_data.output.ipynb
    deps:
    - path: download_satellite_data.ipynb
      hash: md5
      md5: 017adbcc3bc52ff5aee3901a7f71db63
      size: 32744
    params:
      params.yaml:
        paths.satellite: data/satellite
        search_dates: 2019-03-01T00:00:00.000Z/2019-10-01T00:00:00.000Z
        zueri_crop.bbox:
        - 8.364
        - 47.24
        - 9.0405
        - 47.69894
    outs:
    - path: data/satellite
      hash: md5
      md5: 9a012248489b6cee4631071869d068f4.dir
      size: 714197897
      nfiles: 194
  rasterize:
    cmd: papermill rasterize_labels.ipynb rasterize_labels.output.ipynb && rm rasterize_labels.output.ipynb
    deps:
    - path: data/TG_2019_Nutzungsflaechen_2019.gpkg
      hash: md5
      md5: e3f957fdda235db7f7ebebd44afdb77b
      size: 52637696
    - path: data/ZH_2019_LW_NUTZUNGSFLAECHEN_F.dbf
      hash: md5
      md5: 44cb1a911f2da61101f5a8a3f375b955
      size: 69359582
    - path: data/ZH_2019_LW_NUTZUNGSFLAECHEN_F.prj
      hash: md5
      md5: 313304cd209164f8f1694217325cad38
      size: 472
    - path: data/ZH_2019_LW_NUTZUNGSFLAECHEN_F.shp
      hash: md5
      md5: 899948e63250e6a0606d27d4a8c5218d
      size: 74599628
    - path: data/ZH_2019_LW_NUTZUNGSFLAECHEN_F.shx
      hash: md5
      md5: a2b42dbb531394feb196ebf81e551e73
      size: 817284
    - path: data/georef-switzerland-kanton@public.geojson
      hash: md5
      md5: c6ca8fd5486358688668668f44727240
      size: 3134206
    - path: data/labels_hierarchy.csv
      hash: md5
      md5: 6c5626388f82bf7734048a9e35d39bcf
      size: 5970
    - path: data/satellite
      hash: md5
      md5: 9a012248489b6cee4631071869d068f4.dir
      size: 714197897
      nfiles: 194
    - path: rasterize_labels.ipynb
      hash: md5
      md5: b543010821a9eecd9d654a3815b738eb
      size: 5193651
    params:
      params.yaml:
        max_cloud_cover: 5
        paths.dataset_info: data/dataset_info.json
        paths.field_ids: data/field_ids.tif
        paths.labels: data/labels.tif
        paths.labels_hierarchy: data/labels_hierarchy.tif
        paths.satellite: data/satellite
        zueri_crop.bbox:
        - 8.364
        - 47.24
        - 9.0405
        - 47.69894
    outs:
    - path: data/dataset_info.json
      hash: md5
      md5: 7ec321d915102ae2ded11379d09b4413
      size: 2864
    - path: data/field_ids.tif
      hash: md5
      md5: a5b8ecd1cc3e9fa7b5cf885216f0ce73
      size: 104888680
    - path: data/labels.tif
      hash: md5
      md5: fcc5cc97d5c3cabf568c9ec053ff994f
      size: 26245480
    - path: data/labels_hierarchy.tif
      hash: md5
      md5: 65ebb2ac0667f3998f1f90e4fdbaddc7
      size: 78674292
  prepare-dataset:
    cmd: papermill prepare_dataset.ipynb prepare_dataset.output.ipynb && rm prepare_dataset.output.ipynb
    deps:
    - path: data/field_ids.tif
      hash: md5
      md5: a5b8ecd1cc3e9fa7b5cf885216f0ce73
      size: 104888680
    - path: data/labels_hierarchy.tif
      hash: md5
      md5: 65ebb2ac0667f3998f1f90e4fdbaddc7
      size: 78674292
    - path: data/satellite
      hash: md5
      md5: 9a012248489b6cee4631071869d068f4.dir
      size: 714197897
      nfiles: 194
    - path: prepare_dataset.ipynb
      hash: md5
      md5: b9af715c2ad6cefc845e69c4ae73043c
      size: 5332722
    params:
      params.yaml:
        chip_size: 224
        distribution_transform_mode: None
        fold_split_mode: sechidis
        number_of_folds: 6
        paths.field_ids: data/field_ids.tif
        paths.labels: data/labels.tif
        paths.labels_hierarchy: data/labels_hierarchy.tif
        paths.satellite: data/satellite
        timespans.end: '2019-10-01'
        timespans.number_of_timespans: 3
        timespans.start: '2019-03-01'
    outs:
    - path: data/chips
      hash: md5
      md5: 4d8ba4f0be7437958d7b5e832503fca3.dir
      size: 927845490
      nfiles: 1287
    - path: data/stacked_features.tif
      hash: md5
      md5: afa429abbea631e0421db110b432776c
      size: 943759838
  calculate-dataset-stats:
    cmd: papermill calculate_dataset_stats.ipynb calculate_dataset_stats.output.ipynb
      && rm calculate_dataset_stats.output.ipynb
    deps:
    - path: calculate_dataset_stats.ipynb
      hash: md5
      md5: 129e8d22b9c806cb4b855c05dac776ae
      size: 4834
    - path: data/chips
      hash: md5
      md5: 4d8ba4f0be7437958d7b5e832503fca3.dir
      size: 927845490
      nfiles: 1287
    - path: data/labels_hierarchy.tif
      hash: md5
      md5: 65ebb2ac0667f3998f1f90e4fdbaddc7
      size: 78674292
    params:
      params.yaml:
        number_of_bands: 6
        number_of_folds: 6
        paths.chips: data/chips
        paths.labels_hierarchy: data/labels_hierarchy.tif
        timespans.number_of_timespans: 3
    outs:
    - path: data/chips_stats.yaml
      hash: md5
      md5: 33a662b8bb568834b4441254489603a1
      size: 1956
  download-prithvi-base-model:
    cmd: papermill download_prithvi_100M.ipynb download_prithvi_100M.output.ipynb
      && rm download_prithvi_100M.output.ipynb
    deps:
    - path: download_prithvi_100M.ipynb
      hash: md5
      md5: 40b7a4b862a6257861f0fe8d67541e61
      size: 1016
    outs:
    - path: prithvi/models/Prithvi_100M.pt
      hash: md5
      md5: 87d9bd8bea755cdc1412be17970fd285
      size: 453672901
